
Microsoft Visual Studio Solution File, Format Version 12.00
# Visual Studio 2012
Project("{FAE04EC0-301F-11D3-BF4B-00C04F79EFBC}") = "X360Decompiler", "X360Decompiler.csproj", "{60EA01C5-7FBF-4731-BF86-15282D12EC3F}"
EndProject
Project("{8BC9CEB8-8B4A-11D0-8D11-00A0C91BC942}") = "PdbParser", "..\PdbParser\PdbParser\PdbParser.vcxproj", "{5CF6945C-FD48-4A26-8334-80C219EF9747}"
EndProject
Global
	GlobalSection(SolutionConfigurationPlatforms) = preSolution
		Debug|Any CPU = Debug|Any CPU
		Debug|Mixed Platforms = Debug|Mixed Platforms
		Debug|Win32 = Debug|Win32
		Debug|x86 = Debug|x86
		Release|Any CPU = Release|Any CPU
		Release|Mixed Platforms = Release|Mixed Platforms
		Release|Win32 = Release|Win32
		Release|x86 = Release|x86
	EndGlobalSection
	GlobalSection(ProjectConfigurationPlatforms) = postSolution
		{60EA01C5-7FBF-4731-BF86-15282D12EC3F}.Debug|Any CPU.ActiveCfg = Debug|Any CPU
		{60EA01C5-7FBF-4731-BF86-15282D12EC3F}.Debug|Any CPU.Build.0 = Debug|Any CPU
		{60EA01C5-7FBF-4731-BF86-15282D12EC3F}.Debug|Mixed Platforms.ActiveCfg = Debug|x86
		{60EA01C5-7FBF-4731-BF86-15282D12EC3F}.Debug|Mixed Platforms.Build.0 = Debug|x86
		{60EA01C5-7FBF-4731-BF86-15282D12EC3F}.Debug|Win32.ActiveCfg = Debug|x86
		{60EA01C5-7FBF-4731-BF86-15282D12EC3F}.Debug|Win32.Build.0 = Debug|x86
		{60EA01C5-7FBF-4731-BF86-15282D12EC3F}.Debug|x86.ActiveCfg = Debug|x86
		{60EA01C5-7FBF-4731-BF86-15282D12EC3F}.Debug|x86.Build.0 = Debug|x86
		{60EA01C5-7FBF-4731-BF86-15282D12EC3F}.Release|Any CPU.ActiveCfg = Release|Any CPU
		{60EA01C5-7FBF-4731-BF86-15282D12EC3F}.Release|Any CPU.Build.0 = Release|Any CPU
		{60EA01C5-7FBF-4731-BF86-15282D12EC3F}.Release|Mixed Platforms.ActiveCfg = Release|x86
		{60EA01C5-7FBF-4731-BF86-15282D12EC3F}.Release|Mixed Platforms.Build.0 = Release|x86
		{60EA01C5-7FBF-4731-BF86-15282D12EC3F}.Release|Win32.ActiveCfg = Release|x86
		{60EA01C5-7FBF-4731-BF86-15282D12EC3F}.Release|Win32.Build.0 = Release|x86
		{60EA01C5-7FBF-4731-BF86-15282D12EC3F}.Release|x86.ActiveCfg = Release|x86
		{60EA01C5-7FBF-4731-BF86-15282D12EC3F}.Release|x86.Build.0 = Release|x86
		{5CF6945C-FD48-4A26-8334-80C219EF9747}.Debug|Any CPU.ActiveCfg = Debug|Win32
		{5CF6945C-FD48-4A26-8334-80C219EF9747}.Debug|Mixed Platforms.ActiveCfg = Debug|Win32
		{5CF6945C-FD48-4A26-8334-80C219EF9747}.Debug|Mixed Platforms.Build.0 = Debug|Win32
		{5CF6945C-FD48-4A26-8334-80C219EF9747}.Debug|Win32.ActiveCfg = Debug|Win32
		{5CF6945C-FD48-4A26-8334-80C219EF9747}.Debug|Win32.Build.0 = Debug|Win32
		{5CF6945C-FD48-4A26-8334-80C219EF9747}.Debug|x86.ActiveCfg = Debug|Win32
		{5CF6945C-FD48-4A26-8334-80C219EF9747}.Debug|x86.Build.0 = Debug|Win32
		{5CF6945C-FD48-4A26-8334-80C219EF9747}.Release|Any CPU.ActiveCfg = Release|Win32
		{5CF6945C-FD48-4A26-8334-80C219EF9747}.Release|Mixed Platforms.ActiveCfg = Release|Win32
		{5CF6945C-FD48-4A26-8334-80C219EF9747}.Release|Mixed Platforms.Build.0 = Release|Win32
		{5CF6945C-FD48-4A26-8334-80C219EF9747}.Release|Win32.ActiveCfg = Release|Win32
		{5CF6945C-FD48-4A26-8334-80C219EF9747}.Release|Win32.Build.0 = Release|Win32
		{5CF6945C-FD48-4A26-8334-80C219EF9747}.Release|x86.ActiveCfg = Release|Win32
		{5CF6945C-FD48-4A26-8334-80C219EF9747}.Release|x86.Build.0 = Release|Win32
	EndGlobalSection
	GlobalSection(SolutionProperties) = preSolution
		HideSolutionNode = FALSE
	EndGlobalSection
EndGlobal
